
Microsoft Visual Studio Solution File, Format Version 12.00
# Visual Studio 15
VisualStudioVersion = 15.0.28307.2017
MinimumVisualStudioVersion = 10.0.40219.1
Project("{FAE04EC0-301F-11D3-BF4B-00C04F79EFBC}") = "WebApplication1", "WebApplication1\WebApplication1.csproj", "{32BE9A17-DAA0-40CE-AD3E-A6F9EC9458A1}"
EndProject
Global
	GlobalSection(SolutionConfigurationPlatforms) = preSolution
		Debug|Any CPU = Debug|Any CPU
		Release|Any CPU = Release|Any CPU
	EndGlobalSection
	GlobalSection(ProjectConfigurationPlatforms) = postSolution
		{32BE9A17-DAA0-40CE-AD3E-A6F9EC9458A1}.Debug|Any CPU.ActiveCfg = Debug|Any CPU
		{32BE9A17-DAA0-40CE-AD3E-A6F9EC9458A1}.Debug|Any CPU.Build.0 = Debug|Any CPU
		{32BE9A17-DAA0-40CE-AD3E-A6F9EC9458A1}.Release|Any CPU.ActiveCfg = Release|Any CPU
		{32BE9A17-DAA0-40CE-AD3E-A6F9EC9458A1}.Release|Any CPU.Build.0 = Release|Any CPU
	EndGlobalSection
	GlobalSection(SolutionProperties) = preSolution
		HideSolutionNode = FALSE
	EndGlobalSection
	GlobalSection(ExtensibilityGlobals) = postSolution
		SolutionGuid = {137E1948-C7F1-4F99-9713-EC3ABC32564C}
	EndGlobalSection
EndGlobal
